
Microsoft Visual Studio Solution File, Format Version 12.00
# Visual Studio Version 17
VisualStudioVersion = 17.14.36429.23 d17.14
MinimumVisualStudioVersion = 10.0.40219.1
Project("{FAE04EC0-301F-11D3-BF4B-00C04F79EFBC}") = "SoruCevap(forum)", "SoruCevap(forum).csproj", "{D3AFF96C-19FD-4089-A856-4A103D07A3E9}"
EndProject
Global
	GlobalSection(SolutionConfigurationPlatforms) = preSolution
		Debug|Any CPU = Debug|Any CPU
		Release|Any CPU = Release|Any CPU
	EndGlobalSection
	GlobalSection(ProjectConfigurationPlatforms) = postSolution
		{D3AFF96C-19FD-4089-A856-4A103D07A3E9}.Debug|Any CPU.ActiveCfg = Debug|Any CPU
		{D3AFF96C-19FD-4089-A856-4A103D07A3E9}.Debug|Any CPU.Build.0 = Debug|Any CPU
		{D3AFF96C-19FD-4089-A856-4A103D07A3E9}.Release|Any CPU.ActiveCfg = Release|Any CPU
		{D3AFF96C-19FD-4089-A856-4A103D07A3E9}.Release|Any CPU.Build.0 = Release|Any CPU
	EndGlobalSection
	GlobalSection(SolutionProperties) = preSolution
		HideSolutionNode = FALSE
	EndGlobalSection
	GlobalSection(ExtensibilityGlobals) = postSolution
		SolutionGuid = {C9C543E4-38B1-448C-9880-68D0A8C47A31}
	EndGlobalSection
EndGlobal
